
Microsoft Visual Studio Solution File, Format Version 12.00
# Visual Studio Version 17
VisualStudioVersion = 17.2.32526.322
MinimumVisualStudioVersion = 10.0.40219.1
Project("{9A19103F-16F7-4668-BE54-9A1E7A4F7556}") = "APIFutebol", "APIFutebol\APIFutebol.csproj", "{F4CD40F5-651F-40E9-98AA-E814B53ED274}"
EndProject
Project("{9A19103F-16F7-4668-BE54-9A1E7A4F7556}") = "UsersAPI", "UsersAPI\UsersAPI.csproj", "{421AD228-7C8C-455A-9BC7-B1429C932B4F}"
EndProject
Global
	GlobalSection(SolutionConfigurationPlatforms) = preSolution
		Debug|Any CPU = Debug|Any CPU
		Debug|x64 = Debug|x64
		Release|Any CPU = Release|Any CPU
		Release|x64 = Release|x64
	EndGlobalSection
	GlobalSection(ProjectConfigurationPlatforms) = postSolution
		{F4CD40F5-651F-40E9-98AA-E814B53ED274}.Debug|Any CPU.ActiveCfg = Debug|Any CPU
		{F4CD40F5-651F-40E9-98AA-E814B53ED274}.Debug|Any CPU.Build.0 = Debug|Any CPU
		{F4CD40F5-651F-40E9-98AA-E814B53ED274}.Debug|x64.ActiveCfg = Debug|Any CPU
		{F4CD40F5-651F-40E9-98AA-E814B53ED274}.Debug|x64.Build.0 = Debug|Any CPU
		{F4CD40F5-651F-40E9-98AA-E814B53ED274}.Release|Any CPU.ActiveCfg = Release|Any CPU
		{F4CD40F5-651F-40E9-98AA-E814B53ED274}.Release|Any CPU.Build.0 = Release|Any CPU
		{F4CD40F5-651F-40E9-98AA-E814B53ED274}.Release|x64.ActiveCfg = Release|Any CPU
		{F4CD40F5-651F-40E9-98AA-E814B53ED274}.Release|x64.Build.0 = Release|Any CPU
		{421AD228-7C8C-455A-9BC7-B1429C932B4F}.Debug|Any CPU.ActiveCfg = Debug|Any CPU
		{421AD228-7C8C-455A-9BC7-B1429C932B4F}.Debug|Any CPU.Build.0 = Debug|Any CPU
		{421AD228-7C8C-455A-9BC7-B1429C932B4F}.Debug|x64.ActiveCfg = Debug|Any CPU
		{421AD228-7C8C-455A-9BC7-B1429C932B4F}.Debug|x64.Build.0 = Debug|Any CPU
		{421AD228-7C8C-455A-9BC7-B1429C932B4F}.Release|Any CPU.ActiveCfg = Release|Any CPU
		{421AD228-7C8C-455A-9BC7-B1429C932B4F}.Release|Any CPU.Build.0 = Release|Any CPU
		{421AD228-7C8C-455A-9BC7-B1429C932B4F}.Release|x64.ActiveCfg = Release|x64
		{421AD228-7C8C-455A-9BC7-B1429C932B4F}.Release|x64.Build.0 = Release|x64
	EndGlobalSection
	GlobalSection(SolutionProperties) = preSolution
		HideSolutionNode = FALSE
	EndGlobalSection
	GlobalSection(ExtensibilityGlobals) = postSolution
		SolutionGuid = {658571B8-0102-4860-8A15-F9EB731B5D02}
	EndGlobalSection
EndGlobal
